
Microsoft Visual Studio Solution File, Format Version 12.00
# Visual Studio Version 17
VisualStudioVersion = 17.4.33213.308
MinimumVisualStudioVersion = 10.0.40219.1
Project("{FAE04EC0-301F-11D3-BF4B-00C04F79EFBC}") = "weather-api-c", "weather-api-c.csproj", "{3F0BD184-DCDB-41E3-9F3A-5F4B689C8832}"
EndProject
Global
	GlobalSection(SolutionConfigurationPlatforms) = preSolution
		Debug|Any CPU = Debug|Any CPU
		Release|Any CPU = Release|Any CPU
	EndGlobalSection
	GlobalSection(ProjectConfigurationPlatforms) = postSolution
		{3F0BD184-DCDB-41E3-9F3A-5F4B689C8832}.Debug|Any CPU.ActiveCfg = Debug|Any CPU
		{3F0BD184-DCDB-41E3-9F3A-5F4B689C8832}.Debug|Any CPU.Build.0 = Debug|Any CPU
		{3F0BD184-DCDB-41E3-9F3A-5F4B689C8832}.Release|Any CPU.ActiveCfg = Release|Any CPU
		{3F0BD184-DCDB-41E3-9F3A-5F4B689C8832}.Release|Any CPU.Build.0 = Release|Any CPU
	EndGlobalSection
	GlobalSection(SolutionProperties) = preSolution
		HideSolutionNode = FALSE
	EndGlobalSection
	GlobalSection(ExtensibilityGlobals) = postSolution
		SolutionGuid = {800E60DC-BB3E-4F40-BD61-015D7B7575C0}
	EndGlobalSection
EndGlobal
